// !$*UTF8*$!
{
	archiveVersion = 1;
	classes = {
	};
	objectVersion = 50;
	objects = {

/* Begin PBXBuildFile section */
		FACE66E12530C96F007DE110 /* hacker_newsApp.swift in Sources */ = {isa = PBXBuildFile; fileRef = FACE66E02530C96F007DE110 /* hacker_newsApp.swift */; };
		FACE66E32530C96F007DE110 /* ContentView.swift in Sources */ = {isa = PBXBuildFile; fileRef = FACE66E22530C96F007DE110 /* ContentView.swift */; };
		FACE66E52530C971007DE110 /* Assets.xcassets in Resources */ = {isa = PBXBuildFile; fileRef = FACE66E42530C971007DE110 /* Assets.xcassets */; };
		FACE66E82530C971007DE110 /* Preview Assets.xcassets in Resources */ = {isa = PBXBuildFile; fileRef = FACE66E72530C971007DE110 /* Preview Assets.xcassets */; };
		FACE66F22530C9EE007DE110 /* NetworkManager.swift in Sources */ = {isa = PBXBuildFile; fileRef = FACE66F12530C9EE007DE110 /* NetworkManager.swift */; };
		FACE66F72530CA4E007DE110 /* PostData.swift in Sources */ = {isa = PBXBuildFile; fileRef = FACE66F62530CA4E007DE110 /* PostData.swift */; };
		FACE67252530D208007DE110 /* README.md in Resources */ = {isa = PBXBuildFile; fileRef = FACE67242530D208007DE110 /* README.md */; };
		FAECAA122543423F001D8026 /* DetailView.swift in Sources */ = {isa = PBXBuildFile; fileRef = FAECAA112543423F001D8026 /* DetailView.swift */; };
		FAECAA15254349F2001D8026 /* WebView.swift in Sources */ = {isa = PBXBuildFile; fileRef = FAECAA14254349F2001D8026 /* WebView.swift */; };
/* End PBXBuildFile section */

/* Begin PBXFileReference section */
		FACE66DD2530C96F007DE110 /* hacker-news.app */ = {isa = PBXFileReference; explicitFileType = wrapper.application; includeInIndex = 0; path = "hacker-news.app"; sourceTree = BUILT_PRODUCTS_DIR; };
		FACE66E02530C96F007DE110 /* hacker_newsApp.swift */ = {isa = PBXFileReference; lastKnownFileType = sourcecode.swift; path = hacker_newsApp.swift; sourceTree = "<group>"; };
		FACE66E22530C96F007DE110 /* ContentView.swift */ = {isa = PBXFileReference; lastKnownFileType = sourcecode.swift; path = ContentView.swift; sourceTree = "<group>"; };
		FACE66E42530C971007DE110 /* Assets.xcassets */ = {isa = PBXFileReference; lastKnownFileType = folder.assetcatalog; path = Assets.xcassets; sourceTree = "<group>"; };
		FACE66E72530C971007DE110 /* Preview Assets.xcassets */ = {isa = PBXFileReference; lastKnownFileType = folder.assetcatalog; path = "Preview Assets.xcassets"; sourceTree = "<group>"; };
		FACE66E92530C971007DE110 /* Info.plist */ = {isa = PBXFileReference; lastKnownFileType = text.plist.xml; path = Info.plist; sourceTree = "<group>"; };
		FACE66F12530C9EE007DE110 /* NetworkManager.swift */ = {isa = PBXFileReference; lastKnownFileType = sourcecode.swift; path = NetworkManager.swift; sourceTree = "<group>"; };
		FACE66F62530CA4E007DE110 /* PostData.swift */ = {isa = PBXFileReference; lastKnownFileType = sourcecode.swift; path = PostData.swift; sourceTree = "<group>"; };
		FACE67242530D208007DE110 /* README.md */ = {isa = PBXFileReference; lastKnownFileType = net.daringfireball.markdown; path = README.md; sourceTree = "<group>"; };
		FAECAA112543423F001D8026 /* DetailView.swift */ = {isa = PBXFileReference; lastKnownFileType = sourcecode.swift; path = DetailView.swift; sourceTree = "<group>"; };
		FAECAA14254349F2001D8026 /* WebView.swift */ = {isa = PBXFileReference; lastKnownFileType = sourcecode.swift; path = WebView.swift; sourceTree = "<group>"; };
		FAECAA1725434B66001D8026 /* hacker-news.entitlements */ = {isa = PBXFileReference; lastKnownFileType = text.plist.entitlements; path = "hacker-news.entitlements"; sourceTree = "<group>"; };
/* End PBXFileReference section */

/* Begin PBXFrameworksBuildPhase section */
		FACE66DA2530C96F007DE110 /* Frameworks */ = {
			isa = PBXFrameworksBuildPhase;
			buildActionMask = 2147483647;
			files = (
			);
			runOnlyForDeploymentPostprocessing = 0;
		};
/* End PBXFrameworksBuildPhase section */

/* Begin PBXGroup section */
		FACE66D42530C96F007DE110 = {
			isa = PBXGroup;
			children = (
				FACE67242530D208007DE110 /* README.md */,
				FACE66DF2530C96F007DE110 /* hacker-news */,
				FACE66DE2530C96F007DE110 /* Products */,
			);
			sourceTree = "<group>";
		};
		FACE66DE2530C96F007DE110 /* Products */ = {
			isa = PBXGroup;
			children = (
				FACE66DD2530C96F007DE110 /* hacker-news.app */,
			);
			name = Products;
			sourceTree = "<group>";
		};
		FACE66DF2530C96F007DE110 /* hacker-news */ = {
			isa = PBXGroup;
			children = (
				FAECAA1725434B66001D8026 /* hacker-news.entitlements */,
				FACE66F02530C9D1007DE110 /* Models */,
				FACE66E02530C96F007DE110 /* hacker_newsApp.swift */,
				FAECAA0F25434212001D8026 /* Views */,
				FACE66E42530C971007DE110 /* Assets.xcassets */,
				FACE66E92530C971007DE110 /* Info.plist */,
				FACE66E62530C971007DE110 /* Preview Content */,
			);
			path = "hacker-news";
			sourceTree = "<group>";
		};
		FACE66E62530C971007DE110 /* Preview Content */ = {
			isa = PBXGroup;
			children = (
				FACE66E72530C971007DE110 /* Preview Assets.xcassets */,
			);
			path = "Preview Content";
			sourceTree = "<group>";
		};
		FACE66F02530C9D1007DE110 /* Models */ = {
			isa = PBXGroup;
			children = (
				FACE66F12530C9EE007DE110 /* NetworkManager.swift */,
				FACE66F62530CA4E007DE110 /* PostData.swift */,
			);
			path = Models;
			sourceTree = "<group>";
		};
		FAECAA0F25434212001D8026 /* Views */ = {
			isa = PBXGroup;
			children = (
				FACE66E22530C96F007DE110 /* ContentView.swift */,
				FAECAA112543423F001D8026 /* DetailView.swift */,
				FAECAA14254349F2001D8026 /* WebView.swift */,
			);
			path = Views;
			sourceTree = "<group>";
		};
/* End PBXGroup section */

/* Begin PBXNativeTarget section */
		FACE66DC2530C96F007DE110 /* hacker-news */ = {
			isa = PBXNativeTarget;
			buildConfigurationList = FACE66EC2530C971007DE110 /* Build configuration list for PBXNativeTarget "hacker-news" */;
			buildPhases = (
				FACE66D92530C96F007DE110 /* Sources */,
				FACE66DA2530C96F007DE110 /* Frameworks */,
				FACE66DB2530C96F007DE110 /* Resources */,
			);
			buildRules = (
			);
			dependencies = (
			);
			name = "hacker-news";
			productName = "hacker-news";
			productReference = FACE66DD2530C96F007DE110 /* hacker-news.app */;
			productType = "com.apple.product-type.application";
		};
/* End PBXNativeTarget section */

/* Begin PBXProject section */
		FACE66D52530C96F007DE110 /* Project object */ = {
			isa = PBXProject;
			attributes = {
				LastSwiftUpdateCheck = 1200;
				LastUpgradeCheck = 1200;
				TargetAttributes = {
					FACE66DC2530C96F007DE110 = {
						CreatedOnToolsVersion = 12.0.1;
					};
				};
			};
			buildConfigurationList = FACE66D82530C96F007DE110 /* Build configuration list for PBXProject "hacker-news" */;
			compatibilityVersion = "Xcode 9.3";
			developmentRegion = en;
			hasScannedForEncodings = 0;
			knownRegions = (
				en,
				Base,
			);
			mainGroup = FACE66D42530C96F007DE110;
			productRefGroup = FACE66DE2530C96F007DE110 /* Products */;
			projectDirPath = "";
			projectRoot = "";
			targets = (
				FACE66DC2530C96F007DE110 /* hacker-news */,
			);
		};
/* End PBXProject section */

/* Begin PBXResourcesBuildPhase section */
		FACE66DB2530C96F007DE110 /* Resources */ = {
			isa = PBXResourcesBuildPhase;
			buildActionMask = 2147483647;
			files = (
				FACE67252530D208007DE110 /* README.md in Resources */,
				FACE66E82530C971007DE110 /* Preview Assets.xcassets in Resources */,
				FACE66E52530C971007DE110 /* Assets.xcassets in Resources */,
			);
			runOnlyForDeploymentPostprocessing = 0;
		};
/* End PBXResourcesBuildPhase section */

/* Begin PBXSourcesBuildPhase section */
		FACE66D92530C96F007DE110 /* Sources */ = {
			isa = PBXSourcesBuildPhase;
			buildActionMask = 2147483647;
			files = (
				FACE66F22530C9EE007DE110 /* NetworkManager.swift in Sources */,
				FACE66F72530CA4E007DE110 /* PostData.swift in Sources */,
				FACE66E32530C96F007DE110 /* ContentView.swift in Sources */,
				FAECAA15254349F2001D8026 /* WebView.swift in Sources */,
				FAECAA122543423F001D8026 /* DetailView.swift in Sources */,
				FACE66E12530C96F007DE110 /* hacker_newsApp.swift in Sources */,
			);
			runOnlyForDeploymentPostprocessing = 0;
		};
/* End PBXSourcesBuildPhase section */

/* Begin XCBuildConfiguration section */
		FACE66EA2530C971007DE110 /* Debug */ = {
			isa = XCBuildConfiguration;
			buildSettings = {
				ALWAYS_SEARCH_USER_PATHS = NO;
				CLANG_ANALYZER_NONNULL = YES;
				CLANG_ANALYZER_NUMBER_OBJECT_CONVERSION = YES_AGGRESSIVE;
				CLANG_CXX_LANGUAGE_STANDARD = "gnu++14";
				CLANG_CXX_LIBRARY = "libc++";
				CLANG_ENABLE_MODULES = YES;
				CLANG_ENABLE_OBJC_ARC = YES;
				CLANG_ENABLE_OBJC_WEAK = YES;
				CLANG_WARN_BLOCK_CAPTURE_AUTORELEASING = YES;
				CLANG_WARN_BOOL_CONVERSION = YES;
				CLANG_WARN_COMMA = YES;
				CLANG_WARN_CONSTANT_CONVERSION = YES;
				CLANG_WARN_DEPRECATED_OBJC_IMPLEMENTATIONS = YES;
				CLANG_WARN_DIRECT_OBJC_ISA_USAGE = YES_ERROR;
				CLANG_WARN_DOCUMENTATION_COMMENTS = YES;
				CLANG_WARN_EMPTY_BODY = YES;
				CLANG_WARN_ENUM_CONVERSION = YES;
				CLANG_WARN_INFINITE_RECURSION = YES;
				CLANG_WARN_INT_CONVERSION = YES;
				CLANG_WARN_NON_LITERAL_NULL_CONVERSION = YES;
				CLANG_WARN_OBJC_IMPLICIT_RETAIN_SELF = YES;
				CLANG_WARN_OBJC_LITERAL_CONVERSION = YES;
				CLANG_WARN_OBJC_ROOT_CLASS = YES_ERROR;
				CLANG_WARN_QUOTED_INCLUDE_IN_FRAMEWORK_HEADER = YES;
				CLANG_WARN_RANGE_LOOP_ANALYSIS = YES;
				CLANG_WARN_STRICT_PROTOTYPES = YES;
				CLANG_WARN_SUSPICIOUS_MOVE = YES;
				CLANG_WARN_UNGUARDED_AVAILABILITY = YES_AGGRESSIVE;
				CLANG_WARN_UNREACHABLE_CODE = YES;
				CLANG_WARN__DUPLICATE_METHOD_MATCH = YES;
				COPY_PHASE_STRIP = NO;
				DEBUG_INFORMATION_FORMAT = dwarf;
				ENABLE_STRICT_OBJC_MSGSEND = YES;
				ENABLE_TESTABILITY = YES;
				GCC_C_LANGUAGE_STANDARD = gnu11;
				GCC_DYNAMIC_NO_PIC = NO;
				GCC_NO_COMMON_BLOCKS = YES;
				GCC_OPTIMIZATION_LEVEL = 0;
				GCC_PREPROCESSOR_DEFINITIONS = (
					"DEBUG=1",
					"$(inherited)",
				);
				GCC_WARN_64_TO_32_BIT_CONVERSION = YES;
				GCC_WARN_ABOUT_RETURN_TYPE = YES_ERROR;
				GCC_WARN_UNDECLARED_SELECTOR = YES;
				GCC_WARN_UNINITIALIZED_AUTOS = YES_AGGRESSIVE;
				GCC_WARN_UNUSED_FUNCTION = YES;
				GCC_WARN_UNUSED_VARIABLE = YES;
				IPHONEOS_DEPLOYMENT_TARGET = 14.0;
				MTL_ENABLE_DEBUG_INFO = INCLUDE_SOURCE;
				MTL_FAST_MATH = YES;
				ONLY_ACTIVE_ARCH = YES;
				SDKROOT = iphoneos;
				SWIFT_ACTIVE_COMPILATION_CONDITIONS = DEBUG;
				SWIFT_OPTIMIZATION_LEVEL = "-Onone";
			};
			name = Debug;
		};
		FACE66EB2530C971007DE110 /* Release */ = {
			isa = XCBuildConfiguration;
			buildSettings = {
				ALWAYS_SEARCH_USER_PATHS = NO;
				CLANG_ANALYZER_NONNULL = YES;
				CLANG_ANALYZER_NUMBER_OBJECT_CONVERSION = YES_AGGRESSIVE;
				CLANG_CXX_LANGUAGE_STANDARD = "gnu++14";
				CLANG_CXX_LIBRARY = "libc++";
				CLANG_ENABLE_MODULES = YES;
				CLANG_ENABLE_OBJC_ARC = YES;
				CLANG_ENABLE_OBJC_WEAK = YES;
				CLANG_WARN_BLOCK_CAPTURE_AUTORELEASING = YES;
				CLANG_WARN_BOOL_CONVERSION = YES;
				CLANG_WARN_COMMA = YES;
				CLANG_WARN_CONSTANT_CONVERSION = YES;
				CLANG_WARN_DEPRECATED_OBJC_IMPLEMENTATIONS = YES;
				CLANG_WARN_DIRECT_OBJC_ISA_USAGE = YES_ERROR;
				CLANG_WARN_DOCUMENTATION_COMMENTS = YES;
				CLANG_WARN_EMPTY_BODY = YES;
				CLANG_WARN_ENUM_CONVERSION = YES;
				CLANG_WARN_INFINITE_RECURSION = YES;
				CLANG_WARN_INT_CONVERSION = YES;
				CLANG_WARN_NON_LITERAL_NULL_CONVERSION = YES;
				CLANG_WARN_OBJC_IMPLICIT_RETAIN_SELF = YES;
				CLANG_WARN_OBJC_LITERAL_CONVERSION = YES;
				CLANG_WARN_OBJC_ROOT_CLASS = YES_ERROR;
				CLANG_WARN_QUOTED_INCLUDE_IN_FRAMEWORK_HEADER = YES;
				CLANG_WARN_RANGE_LOOP_ANALYSIS = YES;
				CLANG_WARN_STRICT_PROTOTYPES = YES;
				CLANG_WARN_SUSPICIOUS_MOVE = YES;
				CLANG_WARN_UNGUARDED_AVAILABILITY = YES_AGGRESSIVE;
				CLANG_WARN_UNREACHABLE_CODE = YES;
				CLANG_WARN__DUPLICATE_METHOD_MATCH = YES;
				COPY_PHASE_STRIP = NO;
				DEBUG_INFORMATION_FORMAT = "dwarf-with-dsym";
				ENABLE_NS_ASSERTIONS = NO;
				ENABLE_STRICT_OBJC_MSGSEND = YES;
				GCC_C_LANGUAGE_STANDARD = gnu11;
				GCC_NO_COMMON_BLOCKS = YES;
				GCC_WARN_64_TO_32_BIT_CONVERSION = YES;
				GCC_WARN_ABOUT_RETURN_TYPE = YES_ERROR;
				GCC_WARN_UNDECLARED_SELECTOR = YES;
				GCC_WARN_UNINITIALIZED_AUTOS = YES_AGGRESSIVE;
				GCC_WARN_UNUSED_FUNCTION = YES;
				GCC_WARN_UNUSED_VARIABLE = YES;
				IPHONEOS_DEPLOYMENT_TARGET = 14.0;
				MTL_ENABLE_DEBUG_INFO = NO;
				MTL_FAST_MATH = YES;
				SDKROOT = iphoneos;
				SWIFT_COMPILATION_MODE = wholemodule;
				SWIFT_OPTIMIZATION_LEVEL = "-O";
				VALIDATE_PRODUCT = YES;
			};
			name = Release;
		};
		FACE66ED2530C971007DE110 /* Debug */ = {
			isa = XCBuildConfiguration;
			buildSettings = {
				ASSETCATALOG_COMPILER_APPICON_NAME = AppIcon;
				ASSETCATALOG_COMPILER_GLOBAL_ACCENT_COLOR_NAME = AccentColor;
				CODE_SIGN_ENTITLEMENTS = "hacker-news/hacker-news.entitlements";
				"CODE_SIGN_IDENTITY[sdk=macosx*]" = "-";
				CODE_SIGN_STYLE = Automatic;
				DEVELOPMENT_ASSET_PATHS = "\"hacker-news/Preview Content\"";
				DEVELOPMENT_TEAM = V885G793SP;
				ENABLE_PREVIEWS = YES;
				INFOPLIST_FILE = "hacker-news/Info.plist";
				IPHONEOS_DEPLOYMENT_TARGET = 14.0;
				LD_RUNPATH_SEARCH_PATHS = (
					"$(inherited)",
					"@executable_path/Frameworks",
				);
				PRODUCT_BUNDLE_IDENTIFIER = "com.alexhuyho.hacker-news";
				PRODUCT_NAME = "$(TARGET_NAME)";
				SUPPORTS_MACCATALYST = NO;
				SWIFT_VERSION = 5.0;
				TARGETED_DEVICE_FAMILY = "1,2";
			};
			name = Debug;
		};
		FACE66EE2530C971007DE110 /* Release */ = {
			isa = XCBuildConfiguration;
			buildSettings = {
				ASSETCATALOG_COMPILER_APPICON_NAME = AppIcon;
				ASSETCATALOG_COMPILER_GLOBAL_ACCENT_COLOR_NAME = AccentColor;
				CODE_SIGN_ENTITLEMENTS = "hacker-news/hacker-news.entitlements";
				"CODE_SIGN_IDENTITY[sdk=macosx*]" = "-";
				CODE_SIGN_STYLE = Automatic;
				DEVELOPMENT_ASSET_PATHS = "\"hacker-news/Preview Content\"";
				DEVELOPMENT_TEAM = V885G793SP;
				ENABLE_PREVIEWS = YES;
				INFOPLIST_FILE = "hacker-news/Info.plist";
				IPHONEOS_DEPLOYMENT_TARGET = 14.0;
				LD_RUNPATH_SEARCH_PATHS = (
					"$(inherited)",
					"@executable_path/Frameworks",
				);
				PRODUCT_BUNDLE_IDENTIFIER = "com.alexhuyho.hacker-news";
				PRODUCT_NAME = "$(TARGET_NAME)";
				SUPPORTS_MACCATALYST = NO;
				SWIFT_VERSION = 5.0;
				TARGETED_DEVICE_FAMILY = "1,2";
			};
			name = Release;
		};
/* End XCBuildConfiguration section */

/* Begin XCConfigurationList section */
		FACE66D82530C96F007DE110 /* Build configuration list for PBXProject "hacker-news" */ = {
			isa = XCConfigurationList;
			buildConfigurations = (
				FACE66EA2530C971007DE110 /* Debug */,
				FACE66EB2530C971007DE110 /* Release */,
			);
			defaultConfigurationIsVisible = 0;
			defaultConfigurationName = Release;
		};
		FACE66EC2530C971007DE110 /* Build configuration list for PBXNativeTarget "hacker-news" */ = {
			isa = XCConfigurationList;
			buildConfigurations = (
				FACE66ED2530C971007DE110 /* Debug */,
				FACE66EE2530C971007DE110 /* Release */,
			);
			defaultConfigurationIsVisible = 0;
			defaultConfigurationName = Release;
		};
/* End XCConfigurationList section */
	};
	rootObject = FACE66D52530C96F007DE110 /* Project object */;
}
